{
  "requires": true,
  "lockfileVersion": 1,
  "dependencies": {
    "mini-color-picker": {
      "version": "0.1.1",
      "resolved": "https://registry.npmjs.org/mini-color-picker/-/mini-color-picker-0.1.1.tgz",
      "integrity": "sha512-8SMppSY83+nVTD2qsSfJ3ekd/BWn5Z5mRyu1zNH2DS3bN4XKgUww4tgx0ZUA1YHjLjPpEG0I6WBgOC7zmEGTUg=="
    }
  }
}
